<?xml version="1.0" encoding="utf-8"?>
<Project ToolsVersion="4.0" xmlns="http://schemas.microsoft.com/developer/msbuild/2003">
  <ItemGroup>
    <Filter Include="소스 파일">
      <UniqueIdentifier>{4FC737F1-C7A5-4376-A066-2A32D752A2FF}</UniqueIdentifier>
      <Extensions>cpp;c;cc;cxx;def;odl;idl;hpj;bat;asm;asmx</Extensions>
    </Filter>
    <Filter Include="헤더 파일">
      <UniqueIdentifier>{93995380-89BD-4b04-88EB-625FBE52EBFB}</UniqueIdentifier>
      <Extensions>h;hh;hpp;hxx;hm;inl;inc;xsd</Extensions>
    </Filter>
    <Filter Include="리소스 파일">
      <UniqueIdentifier>{67DA6AB6-F800-4c08-8B7A-83BB121AAD01}</UniqueIdentifier>
      <Extensions>rc;ico;cur;bmp;dlg;rc2;rct;bin;rgs;gif;jpg;jpeg;jpe;resx;tiff;tif;png;wav;mfcribbon-ms</Extensions>
    </Filter>
    <Filter Include="00. MainGame">
      <UniqueIdentifier>{e52d75b1-feee-4878-ab5c-c4894f495b8f}</UniqueIdentifier>
    </Filter>
    <Filter Include="01. Obj">
      <UniqueIdentifier>{6aa7d5df-8368-4d31-9ac2-4202cb4e5c47}</UniqueIdentifier>
    </Filter>
    <Filter Include="02. Design">
      <UniqueIdentifier>{94273d24-295e-40c6-afcc-4296d8032887}</UniqueIdentifier>
    </Filter>
    <Filter Include="02. Design\00. AbstactFactory">
      <UniqueIdentifier>{3f081ade-d188-434a-90b2-f63148f8d050}</UniqueIdentifier>
    </Filter>
    <Filter Include="02. Design\01. CollisionMgr">
      <UniqueIdentifier>{1701abda-9731-4cdf-bdb3-cf6476c83b31}</UniqueIdentifier>
    </Filter>
    <Filter Include="02. Design\02. ObjMgr">
      <UniqueIdentifier>{91912d24-e1a9-47bd-83d8-b49b50d99559}</UniqueIdentifier>
    </Filter>
    <Filter Include="02. Design\03. LineMgr">
      <UniqueIdentifier>{a8f17a46-63d0-4934-ac25-ef6ea417ce93}</UniqueIdentifier>
    </Filter>
    <Filter Include="02. Design\03. LineMgr\Line">
      <UniqueIdentifier>{bfbd59bd-791d-4d8b-a830-27d71ea72888}</UniqueIdentifier>
    </Filter>
    <Filter Include="02. Design\04. KeyMgr">
      <UniqueIdentifier>{b3cc149f-db86-41ff-8d19-1c5d5987d25f}</UniqueIdentifier>
    </Filter>
    <Filter Include="02. Design\05. ScrollMgr">
      <UniqueIdentifier>{ee5f58f5-4a74-4aee-9b36-01f787d273ab}</UniqueIdentifier>
    </Filter>
    <Filter Include="02. Design\06. BmpMgr">
      <UniqueIdentifier>{67f933a3-839d-48ab-b77e-291802470c15}</UniqueIdentifier>
    </Filter>
    <Filter Include="02. Design\06. BmpMgr\MyBmp">
      <UniqueIdentifier>{2768fc86-e012-4d07-b113-725dc49e8802}</UniqueIdentifier>
    </Filter>
    <Filter Include="03. Scene">
      <UniqueIdentifier>{6ca25748-4716-451e-9ca8-7c7505ece855}</UniqueIdentifier>
    </Filter>
    <Filter Include="03. Scene\00. Logo">
      <UniqueIdentifier>{1d1e42a3-6cf6-4ec7-8b1f-0e12073b2c91}</UniqueIdentifier>
    </Filter>
    <Filter Include="03. Scene\01. Menu">
      <UniqueIdentifier>{aa7611e4-df82-4a32-aafa-485fa464a4c0}</UniqueIdentifier>
    </Filter>
    <Filter Include="03. Scene\02. Edit">
      <UniqueIdentifier>{9b98fe7a-05d8-4add-9026-679cb7f9a236}</UniqueIdentifier>
    </Filter>
    <Filter Include="03. Scene\03. Stage">
      <UniqueIdentifier>{28455081-9aff-4d8f-a511-6e2cf82e91c4}</UniqueIdentifier>
    </Filter>
    <Filter Include="02. Design\07. SceneMgr">
      <UniqueIdentifier>{7826d931-14cf-4a36-9128-873db95d8a95}</UniqueIdentifier>
    </Filter>
    <Filter Include="02. Design\08. TileMgr">
      <UniqueIdentifier>{3594b657-e6e6-4095-b4fb-096eff22befd}</UniqueIdentifier>
    </Filter>
    <Filter Include="02. Design\08. TileMgr\Tile">
      <UniqueIdentifier>{c3d26921-edd5-4e37-8189-4e64123a51c1}</UniqueIdentifier>
    </Filter>
    <Filter Include="02. Design\09. SpawnMgr">
      <UniqueIdentifier>{ec70f520-a58d-4872-a9d1-7434d998dfdc}</UniqueIdentifier>
    </Filter>
    <Filter Include="01. Obj\00. Unit">
      <UniqueIdentifier>{a852af64-0a1b-4dc8-acef-9d46f5b738cd}</UniqueIdentifier>
    </Filter>
    <Filter Include="01. Obj\00. Unit\00. SCV">
      <UniqueIdentifier>{6a4274f2-9f9d-4cff-a275-70366220d155}</UniqueIdentifier>
    </Filter>
    <Filter Include="01. Obj\00. Unit\01. Marine">
      <UniqueIdentifier>{60e8eb9a-e7c8-4e55-99b3-c383d8ce1721}</UniqueIdentifier>
    </Filter>
    <Filter Include="01. Obj\00. Unit\02. FireBat">
      <UniqueIdentifier>{91f86948-f428-460e-aede-5ddeab4a28ee}</UniqueIdentifier>
    </Filter>
    <Filter Include="01. Obj\00. Unit\03. Medic">
      <UniqueIdentifier>{6f65cba0-f856-4439-aad3-7d4a10db076b}</UniqueIdentifier>
    </Filter>
    <Filter Include="01. Obj\00. Unit\04. Tank">
      <UniqueIdentifier>{e2c9fba2-ce7c-4e32-8a54-bca847a06d46}</UniqueIdentifier>
    </Filter>
    <Filter Include="01. Obj\01. Buliding">
      <UniqueIdentifier>{083f6183-df99-4540-823e-f74c968a0115}</UniqueIdentifier>
    </Filter>
    <Filter Include="01. Obj\99. State">
      <UniqueIdentifier>{069f3cf1-2b08-40f2-9016-f0b17b0b182b}</UniqueIdentifier>
    </Filter>
    <Filter Include="01. Obj\99. State\00. IdleState">
      <UniqueIdentifier>{d8bc417e-c17c-4ff3-9d2f-d4fd0c6afcbf}</UniqueIdentifier>
    </Filter>
    <Filter Include="01. Obj\99. State\01. WalkState">
      <UniqueIdentifier>{65bdd091-c153-4e30-a290-7858bea58079}</UniqueIdentifier>
    </Filter>
    <Filter Include="01. Obj\99. State\02. AttackState">
      <UniqueIdentifier>{5a3ed58a-0adc-41f8-a7d7-ca175111bbc1}</UniqueIdentifier>
    </Filter>
    <Filter Include="01. Obj\99. State\03. DieState">
      <UniqueIdentifier>{4ad622c7-c225-4ba8-8dbd-b1dd84749c7b}</UniqueIdentifier>
    </Filter>
    <Filter Include="01. Obj\02. Mineral">
      <UniqueIdentifier>{a854709e-90e1-4d0a-9d9a-8150bfd6918d}</UniqueIdentifier>
    </Filter>
    <Filter Include="01. Obj\01. Buliding\00. Center">
      <UniqueIdentifier>{f31ec42e-5b57-45cb-a53e-506d5abb5302}</UniqueIdentifier>
    </Filter>
    <Filter Include="01. Obj\01. Buliding\01. SupplyDepot">
      <UniqueIdentifier>{31baf79e-e0d4-4221-b1bf-75f7f6a05d1f}</UniqueIdentifier>
    </Filter>
    <Filter Include="01. Obj\01. Buliding\02. Barrack">
      <UniqueIdentifier>{b3e856ce-da26-48e4-8df3-8a8840c145cc}</UniqueIdentifier>
    </Filter>
    <Filter Include="01. Obj\01. Buliding\03. Factory">
      <UniqueIdentifier>{122de035-391b-4b2f-a2f3-adfa0dfec17c}</UniqueIdentifier>
    </Filter>
    <Filter Include="01. Obj\01. Buliding\04. Starport">
      <UniqueIdentifier>{93e5d888-2df6-4e24-ac71-83fa8a64b2d2}</UniqueIdentifier>
    </Filter>
    <Filter Include="02. Design\10. AStarMgr">
      <UniqueIdentifier>{754129c0-3958-4f98-9390-cf29defa630f}</UniqueIdentifier>
    </Filter>
    <Filter Include="02. Design\11. UnitControlMgr">
      <UniqueIdentifier>{30f53ef9-b948-44ed-9e4a-7a455cf48554}</UniqueIdentifier>
    </Filter>
    <Filter Include="02. Design\12. Command">
      <UniqueIdentifier>{2a689449-b0f6-4983-9457-84514817ad87}</UniqueIdentifier>
    </Filter>
    <Filter Include="02. Design\12. Command\00. LClick_Mouse">
      <UniqueIdentifier>{6e747243-0019-4f2f-bba2-2620bb3f0729}</UniqueIdentifier>
    </Filter>
    <Filter Include="02. Design\12. Command\01. RClick_Mouse">
      <UniqueIdentifier>{83a52437-eeb3-4ef3-b338-ec7027291463}</UniqueIdentifier>
    </Filter>
    <Filter Include="02. Design\12. Command\02. Drag_LClick_Mouse">
      <UniqueIdentifier>{bb6d4831-5e6d-4243-9fca-242f0507d1d3}</UniqueIdentifier>
    </Filter>
    <Filter Include="02. Design\13. TechTreeMgr">
      <UniqueIdentifier>{526a97f4-f87f-46b2-9c79-defb337f5ec4}</UniqueIdentifier>
    </Filter>
    <Filter Include="01. Obj\03. UI">
      <UniqueIdentifier>{0c529b83-b3d5-42bd-9198-2b87eaa10b1a}</UniqueIdentifier>
    </Filter>
    <Filter Include="01. Obj\03. UI\01. Unit_Icon">
      <UniqueIdentifier>{3e6d8713-b14a-4a7c-b5c8-20dc4cef66d7}</UniqueIdentifier>
    </Filter>
    <Filter Include="01. Obj\03. UI\01. Unit_Icon\00. Move_Icon">
      <UniqueIdentifier>{1ab2fd11-1f5f-46cb-bdfe-d5bc9399af7a}</UniqueIdentifier>
    </Filter>
    <Filter Include="01. Obj\03. UI\01. Unit_Icon\01. Stop_Icon">
      <UniqueIdentifier>{a91695e0-c384-4c46-b2b0-4204480ee2b7}</UniqueIdentifier>
    </Filter>
    <Filter Include="01. Obj\03. UI\01. Unit_Icon\02. Attack_Icon">
      <UniqueIdentifier>{c26feb39-505f-4c7c-8475-f9df5e3a7777}</UniqueIdentifier>
    </Filter>
    <Filter Include="01. Obj\03. UI\01. Unit_Icon\03. Build_Icon">
      <UniqueIdentifier>{02c9fadf-eb3a-4604-a097-6aaaff583e3c}</UniqueIdentifier>
    </Filter>
    <Filter Include="01. Obj\03. UI\01. Unit_Icon\04. Advanced_Build_Icon">
      <UniqueIdentifier>{70b5c63d-e0d0-4ce4-a886-1af0469bd1e5}</UniqueIdentifier>
    </Filter>
    <Filter Include="01. Obj\03. UI\02. Build_Icon">
      <UniqueIdentifier>{995fc909-413f-41cb-98c8-14b5f5752ef8}</UniqueIdentifier>
    </Filter>
    <Filter Include="01. Obj\03. UI\02. Build_Icon\00. Center_Icon">
      <UniqueIdentifier>{f28c5240-4aea-4851-8d56-969bcfd3b2e8}</UniqueIdentifier>
    </Filter>
    <Filter Include="01. Obj\03. UI\02. Build_Icon\01. Barrack_Icon">
      <UniqueIdentifier>{79fca366-dfe7-4ece-bb60-ad1f79f38eef}</UniqueIdentifier>
    </Filter>
    <Filter Include="01. Obj\03. UI\02. Build_Icon\02. Depot_Icon">
      <UniqueIdentifier>{c155ea2c-26db-4bce-b14c-1b6c4f4ce5c0}</UniqueIdentifier>
    </Filter>
    <Filter Include="01. Obj\03. UI\02. Build_Icon\03 Factory_Icon">
      <UniqueIdentifier>{b1c72110-3631-4517-9632-f0472f0f91af}</UniqueIdentifier>
    </Filter>
    <Filter Include="01. Obj\03. UI\02. Build_Icon\04. StarPort_Icon">
      <UniqueIdentifier>{0a0b06e7-196d-451e-b61b-35ca717ecd44}</UniqueIdentifier>
    </Filter>
    <Filter Include="01. Obj\03. UI\00. Mouse">
      <UniqueIdentifier>{49a6676e-ddb4-4fb8-a84f-5f0ff0855918}</UniqueIdentifier>
    </Filter>
    <Filter Include="01. Obj\03. UI\03. BackGround">
      <UniqueIdentifier>{e14f9b41-1be8-4737-a5c2-b3135e35249b}</UniqueIdentifier>
    </Filter>
    <Filter Include="01. Obj\99. State\04. BuildState">
      <UniqueIdentifier>{a49c2123-33e6-4d5d-a7cd-b39e2928edc2}</UniqueIdentifier>
    </Filter>
    <Filter Include="01. Obj\03. UI\04. BuildingUI">
      <UniqueIdentifier>{b796c62e-b6d2-45bf-9474-c4c760dde171}</UniqueIdentifier>
    </Filter>
    <Filter Include="01. Obj\03. UI\04. BuildingUI\00. Center_UI">
      <UniqueIdentifier>{458bf4ee-3df0-4cbc-a0ee-814eb1b804ae}</UniqueIdentifier>
    </Filter>
    <Filter Include="01. Obj\03. UI\04. BuildingUI\01. Depot_UI">
      <UniqueIdentifier>{542262bd-328e-4875-8a91-a94208bc859b}</UniqueIdentifier>
    </Filter>
    <Filter Include="01. Obj\03. UI\04. BuildingUI\02. Barrack_UI">
      <UniqueIdentifier>{919677f9-a2a1-447d-b2a6-e4141ec081ff}</UniqueIdentifier>
    </Filter>
    <Filter Include="01. Obj\03. UI\04. BuildingUI\03. Factory_UI">
      <UniqueIdentifier>{4f5b5e50-17d0-47ab-8d16-3689d34d9c8b}</UniqueIdentifier>
    </Filter>
    <Filter Include="01. Obj\03. UI\04. BuildingUI\04. StarPort_UI">
      <UniqueIdentifier>{05a8218a-13c1-4118-81d6-cec430a4f383}</UniqueIdentifier>
    </Filter>
    <Filter Include="01. Obj\03. UI\05. Spawn_Icon">
      <UniqueIdentifier>{5dab2da5-9330-4c40-ad5e-29f5b1b7bdae}</UniqueIdentifier>
    </Filter>
    <Filter Include="01. Obj\03. UI\05. Spawn_Icon\00. SCV_Icon">
      <UniqueIdentifier>{d10038cf-7850-423c-a3ef-a704da4b8668}</UniqueIdentifier>
    </Filter>
    <Filter Include="01. Obj\03. UI\05. Spawn_Icon\01. Marine_Icon">
      <UniqueIdentifier>{82f5c22d-5afd-46fa-9eb1-d6bb3935c234}</UniqueIdentifier>
    </Filter>
    <Filter Include="01. Obj\03. UI\05. Spawn_Icon\02. FireBat_Icon">
      <UniqueIdentifier>{210bf425-f4f2-4613-8d22-351b8a6915cb}</UniqueIdentifier>
    </Filter>
    <Filter Include="01. Obj\03. UI\05. Spawn_Icon\03. Medic_Icon">
      <UniqueIdentifier>{6c3aed18-acdf-42d4-9a73-a1fe96473a5f}</UniqueIdentifier>
    </Filter>
    <Filter Include="01. Obj\03. UI\05. Spawn_Icon\04. Tank_Icon">
      <UniqueIdentifier>{fbc27436-8425-40bc-93e2-ac0e19681154}</UniqueIdentifier>
    </Filter>
    <Filter Include="04. UI">
      <UniqueIdentifier>{43a4edb1-794d-4dd7-afcc-581d1ba1a493}</UniqueIdentifier>
    </Filter>
    <Filter Include="02. Design\14. SoundMgr">
      <UniqueIdentifier>{ca394fd4-ac8e-4da4-afb6-d43c98dc4f6f}</UniqueIdentifier>
    </Filter>
    <Filter Include="04. UI\UIMgr">
      <UniqueIdentifier>{77ecd527-2cf1-4e8b-95fe-67b483adc523}</UniqueIdentifier>
    </Filter>
    <Filter Include="01. Obj\03. UI\06. Unit_Wire">
      <UniqueIdentifier>{8b430eb5-74f1-4f05-9890-275036c57f65}</UniqueIdentifier>
    </Filter>
    <Filter Include="01. Obj\03. UI\06. Unit_Wire\00. Big_Wire">
      <UniqueIdentifier>{5559e75c-2592-4bce-b04b-e21ab753748c}</UniqueIdentifier>
    </Filter>
    <Filter Include="01. Obj\03. UI\06. Unit_Wire\01. Small_Wire">
      <UniqueIdentifier>{7da25039-666d-43ce-be18-6613f1f3f03a}</UniqueIdentifier>
    </Filter>
  </ItemGroup>
  <ItemGroup>
    <Text Include="ReadMe.txt" />
  </ItemGroup>
  <ItemGroup>
    <ClInclude Include="stdafx.h">
      <Filter>헤더 파일</Filter>
    </ClInclude>
    <ClInclude Include="targetver.h">
      <Filter>헤더 파일</Filter>
    </ClInclude>
    <ClInclude Include="Resource.h">
      <Filter>헤더 파일</Filter>
    </ClInclude>
    <ClInclude Include="DefaultWindow.h">
      <Filter>헤더 파일</Filter>
    </ClInclude>
    <ClInclude Include="MainGame.h">
      <Filter>00. MainGame</Filter>
    </ClInclude>
    <ClInclude Include="Obj.h">
      <Filter>01. Obj</Filter>
    </ClInclude>
    <ClInclude Include="AbstractFactory.h">
      <Filter>02. Design\00. AbstactFactory</Filter>
    </ClInclude>
    <ClInclude Include="Mouse.h">
      <Filter>01. Obj\03. UI\00. Mouse</Filter>
    </ClInclude>
    <ClInclude Include="CollisionMgr.h">
      <Filter>02. Design\01. CollisionMgr</Filter>
    </ClInclude>
    <ClInclude Include="ObjMgr.h">
      <Filter>02. Design\02. ObjMgr</Filter>
    </ClInclude>
    <ClInclude Include="Line.h">
      <Filter>02. Design\03. LineMgr\Line</Filter>
    </ClInclude>
    <ClInclude Include="LineMgr.h">
      <Filter>02. Design\03. LineMgr</Filter>
    </ClInclude>
    <ClInclude Include="KeyMgr.h">
      <Filter>02. Design\04. KeyMgr</Filter>
    </ClInclude>
    <ClInclude Include="ScrollMgr.h">
      <Filter>02. Design\05. ScrollMgr</Filter>
    </ClInclude>
    <ClInclude Include="MyBmp.h">
      <Filter>02. Design\06. BmpMgr\MyBmp</Filter>
    </ClInclude>
    <ClInclude Include="BmpMgr.h">
      <Filter>02. Design\06. BmpMgr</Filter>
    </ClInclude>
    <ClInclude Include="Scene.h">
      <Filter>03. Scene</Filter>
    </ClInclude>
    <ClInclude Include="Logo.h">
      <Filter>03. Scene\00. Logo</Filter>
    </ClInclude>
    <ClInclude Include="SceneMgr.h">
      <Filter>02. Design\07. SceneMgr</Filter>
    </ClInclude>
    <ClInclude Include="MyMenu.h">
      <Filter>03. Scene\01. Menu</Filter>
    </ClInclude>
    <ClInclude Include="Stage.h">
      <Filter>03. Scene\03. Stage</Filter>
    </ClInclude>
    <ClInclude Include="Tile.h">
      <Filter>02. Design\08. TileMgr\Tile</Filter>
    </ClInclude>
    <ClInclude Include="TileMgr.h">
      <Filter>02. Design\08. TileMgr</Filter>
    </ClInclude>
    <ClInclude Include="MyEdit.h">
      <Filter>03. Scene\02. Edit</Filter>
    </ClInclude>
    <ClInclude Include="Scv.h">
      <Filter>01. Obj\00. Unit\00. SCV</Filter>
    </ClInclude>
    <ClInclude Include="Scv_Idle_State.h">
      <Filter>01. Obj\00. Unit\00. SCV</Filter>
    </ClInclude>
    <ClInclude Include="Scv_Walk_State.h">
      <Filter>01. Obj\00. Unit\00. SCV</Filter>
    </ClInclude>
    <ClInclude Include="Scv_Attack_State.h">
      <Filter>01. Obj\00. Unit\00. SCV</Filter>
    </ClInclude>
    <ClInclude Include="FireBat.h">
      <Filter>01. Obj\00. Unit\02. FireBat</Filter>
    </ClInclude>
    <ClInclude Include="Obj_Dynamic.h">
      <Filter>01. Obj</Filter>
    </ClInclude>
    <ClInclude Include="Marine.h">
      <Filter>01. Obj\00. Unit\01. Marine</Filter>
    </ClInclude>
    <ClInclude Include="Marine_Attack_State.h">
      <Filter>01. Obj\00. Unit\01. Marine</Filter>
    </ClInclude>
    <ClInclude Include="Marine_Idle_State.h">
      <Filter>01. Obj\00. Unit\01. Marine</Filter>
    </ClInclude>
    <ClInclude Include="Marine_Walk_State.h">
      <Filter>01. Obj\00. Unit\01. Marine</Filter>
    </ClInclude>
    <ClInclude Include="Marine_Die_State.h">
      <Filter>01. Obj\00. Unit\01. Marine</Filter>
    </ClInclude>
    <ClInclude Include="FireBat_Attack_State.h">
      <Filter>01. Obj\00. Unit\02. FireBat</Filter>
    </ClInclude>
    <ClInclude Include="FireBat_Die_State.h">
      <Filter>01. Obj\00. Unit\02. FireBat</Filter>
    </ClInclude>
    <ClInclude Include="FireBat_Idle_State.h">
      <Filter>01. Obj\00. Unit\02. FireBat</Filter>
    </ClInclude>
    <ClInclude Include="FireBat_Walk_State.h">
      <Filter>01. Obj\00. Unit\02. FireBat</Filter>
    </ClInclude>
    <ClInclude Include="Scv_Die_State.h">
      <Filter>01. Obj\00. Unit\00. SCV</Filter>
    </ClInclude>
    <ClInclude Include="SpawnMgr.h">
      <Filter>02. Design\09. SpawnMgr</Filter>
    </ClInclude>
    <ClInclude Include="Medic.h">
      <Filter>01. Obj\00. Unit\03. Medic</Filter>
    </ClInclude>
    <ClInclude Include="Medic_Walk_State.h">
      <Filter>01. Obj\00. Unit\03. Medic</Filter>
    </ClInclude>
    <ClInclude Include="Medic_Attack_State.h">
      <Filter>01. Obj\00. Unit\03. Medic</Filter>
    </ClInclude>
    <ClInclude Include="Medic_Die_State.h">
      <Filter>01. Obj\00. Unit\03. Medic</Filter>
    </ClInclude>
    <ClInclude Include="Medic_Idle_State.h">
      <Filter>01. Obj\00. Unit\03. Medic</Filter>
    </ClInclude>
    <ClInclude Include="Tank.h">
      <Filter>01. Obj\00. Unit\04. Tank</Filter>
    </ClInclude>
    <ClInclude Include="Tank_Attack_State.h">
      <Filter>01. Obj\00. Unit\04. Tank</Filter>
    </ClInclude>
    <ClInclude Include="Tank_Die_State.h">
      <Filter>01. Obj\00. Unit\04. Tank</Filter>
    </ClInclude>
    <ClInclude Include="Tank_Idle_State.h">
      <Filter>01. Obj\00. Unit\04. Tank</Filter>
    </ClInclude>
    <ClInclude Include="Tank_Walk_State.h">
      <Filter>01. Obj\00. Unit\04. Tank</Filter>
    </ClInclude>
    <ClInclude Include="AStarMgr.h">
      <Filter>02. Design\10. AStarMgr</Filter>
    </ClInclude>
    <ClInclude Include="Obj_UI.h">
      <Filter>01. Obj</Filter>
    </ClInclude>
    <ClInclude Include="UnitControlMgr.h">
      <Filter>02. Design\11. UnitControlMgr</Filter>
    </ClInclude>
    <ClInclude Include="State.h">
      <Filter>01. Obj\99. State</Filter>
    </ClInclude>
    <ClInclude Include="Command.h">
      <Filter>02. Design\12. Command</Filter>
    </ClInclude>
    <ClInclude Include="LClick_Mouse.h">
      <Filter>02. Design\12. Command\00. LClick_Mouse</Filter>
    </ClInclude>
    <ClInclude Include="RClick_Mouse.h">
      <Filter>02. Design\12. Command\01. RClick_Mouse</Filter>
    </ClInclude>
    <ClInclude Include="Drag_LMouse_Long.h">
      <Filter>02. Design\12. Command\02. Drag_LClick_Mouse</Filter>
    </ClInclude>
    <ClInclude Include="IdleState.h">
      <Filter>01. Obj\99. State\00. IdleState</Filter>
    </ClInclude>
    <ClInclude Include="WalkState.h">
      <Filter>01. Obj\99. State\01. WalkState</Filter>
    </ClInclude>
    <ClInclude Include="AttackState.h">
      <Filter>01. Obj\99. State\02. AttackState</Filter>
    </ClInclude>
    <ClInclude Include="DieState.h">
      <Filter>01. Obj\99. State\03. DieState</Filter>
    </ClInclude>
    <ClInclude Include="Obj_Static.h">
      <Filter>01. Obj</Filter>
    </ClInclude>
    <ClInclude Include="Mineral.h">
      <Filter>01. Obj\02. Mineral</Filter>
    </ClInclude>
    <ClInclude Include="Center.h">
      <Filter>01. Obj\01. Buliding\00. Center</Filter>
    </ClInclude>
    <ClInclude Include="Barrack.h">
      <Filter>01. Obj\01. Buliding\02. Barrack</Filter>
    </ClInclude>
    <ClInclude Include="Factory.h">
      <Filter>01. Obj\01. Buliding\03. Factory</Filter>
    </ClInclude>
    <ClInclude Include="Starport.h">
      <Filter>01. Obj\01. Buliding\04. Starport</Filter>
    </ClInclude>
    <ClInclude Include="SupplyDepot.h">
      <Filter>01. Obj\01. Buliding\01. SupplyDepot</Filter>
    </ClInclude>
    <ClInclude Include="TechTreeMgr.h">
      <Filter>02. Design\13. TechTreeMgr</Filter>
    </ClInclude>
    <ClInclude Include="UIMgr.h">
      <Filter>04. UI\UIMgr</Filter>
    </ClInclude>
    <ClInclude Include="UI_Move.h">
      <Filter>01. Obj\03. UI\01. Unit_Icon\00. Move_Icon</Filter>
    </ClInclude>
    <ClInclude Include="UI_Attack.h">
      <Filter>01. Obj\03. UI\01. Unit_Icon\02. Attack_Icon</Filter>
    </ClInclude>
    <ClInclude Include="UI_Build.h">
      <Filter>01. Obj\03. UI\01. Unit_Icon\03. Build_Icon</Filter>
    </ClInclude>
    <ClInclude Include="UI_Advanced_Build.h">
      <Filter>01. Obj\03. UI\01. Unit_Icon\04. Advanced_Build_Icon</Filter>
    </ClInclude>
    <ClInclude Include="UI_Stop_Icon.h">
      <Filter>01. Obj\03. UI\01. Unit_Icon\01. Stop_Icon</Filter>
    </ClInclude>
    <ClInclude Include="UI_Barrack.h">
      <Filter>01. Obj\03. UI\02. Build_Icon\01. Barrack_Icon</Filter>
    </ClInclude>
    <ClInclude Include="UI_Center.h">
      <Filter>01. Obj\03. UI\02. Build_Icon\00. Center_Icon</Filter>
    </ClInclude>
    <ClInclude Include="UI_Depot.h">
      <Filter>01. Obj\03. UI\02. Build_Icon\02. Depot_Icon</Filter>
    </ClInclude>
    <ClInclude Include="UI_Factory.h">
      <Filter>01. Obj\03. UI\02. Build_Icon\03 Factory_Icon</Filter>
    </ClInclude>
    <ClInclude Include="UI_StarPort.h">
      <Filter>01. Obj\03. UI\02. Build_Icon\04. StarPort_Icon</Filter>
    </ClInclude>
    <ClInclude Include="BackGround.h">
      <Filter>01. Obj\03. UI\03. BackGround</Filter>
    </ClInclude>
    <ClInclude Include="BuildState.h">
      <Filter>01. Obj\99. State\04. BuildState</Filter>
    </ClInclude>
    <ClInclude Include="Scv_Build_State.h">
      <Filter>01. Obj\00. Unit\00. SCV</Filter>
    </ClInclude>
    <ClInclude Include="Barrack_UI.h">
      <Filter>01. Obj\03. UI\04. BuildingUI\02. Barrack_UI</Filter>
    </ClInclude>
    <ClInclude Include="Center_UI.h">
      <Filter>01. Obj\03. UI\04. BuildingUI\00. Center_UI</Filter>
    </ClInclude>
    <ClInclude Include="Depot_UI.h">
      <Filter>01. Obj\03. UI\04. BuildingUI\01. Depot_UI</Filter>
    </ClInclude>
    <ClInclude Include="Factory_UI.h">
      <Filter>01. Obj\03. UI\04. BuildingUI\03. Factory_UI</Filter>
    </ClInclude>
    <ClInclude Include="StarPort_UI.h">
      <Filter>01. Obj\03. UI\04. BuildingUI\04. StarPort_UI</Filter>
    </ClInclude>
    <ClInclude Include="UI_FireBat_Icon.h">
      <Filter>01. Obj\03. UI\05. Spawn_Icon\02. FireBat_Icon</Filter>
    </ClInclude>
    <ClInclude Include="UI_Marine_Icon.h">
      <Filter>01. Obj\03. UI\05. Spawn_Icon\01. Marine_Icon</Filter>
    </ClInclude>
    <ClInclude Include="UI_Medic_Icon.h">
      <Filter>01. Obj\03. UI\05. Spawn_Icon\03. Medic_Icon</Filter>
    </ClInclude>
    <ClInclude Include="UI_SCV_Icon.h">
      <Filter>01. Obj\03. UI\05. Spawn_Icon\00. SCV_Icon</Filter>
    </ClInclude>
    <ClInclude Include="UI_Tank_Icon.h">
      <Filter>01. Obj\03. UI\05. Spawn_Icon\04. Tank_Icon</Filter>
    </ClInclude>
    <ClInclude Include="SoundMgr.h">
      <Filter>02. Design\14. SoundMgr</Filter>
    </ClInclude>
    <ClInclude Include="Tank_Siege_Mode.h">
      <Filter>01. Obj\00. Unit\04. Tank</Filter>
    </ClInclude>
    <ClInclude Include="UI_IconMgr.h">
      <Filter>04. UI</Filter>
    </ClInclude>
    <ClInclude Include="UI_WireMgr.h">
      <Filter>04. UI</Filter>
    </ClInclude>
    <ClInclude Include="UI_FireBat_Wire_Big.h">
      <Filter>01. Obj\03. UI\06. Unit_Wire\00. Big_Wire</Filter>
    </ClInclude>
    <ClInclude Include="UI_Marine_Wire_Big.h">
      <Filter>01. Obj\03. UI\06. Unit_Wire\00. Big_Wire</Filter>
    </ClInclude>
    <ClInclude Include="UI_Medic_Wire_Big.h">
      <Filter>01. Obj\03. UI\06. Unit_Wire\00. Big_Wire</Filter>
    </ClInclude>
    <ClInclude Include="UI_SCV_Wire_Big.h">
      <Filter>01. Obj\03. UI\06. Unit_Wire\00. Big_Wire</Filter>
    </ClInclude>
    <ClInclude Include="UI_Tank_Wire_Big.h">
      <Filter>01. Obj\03. UI\06. Unit_Wire\00. Big_Wire</Filter>
    </ClInclude>
    <ClInclude Include="UI_FireBat_Wire_Small.h">
      <Filter>01. Obj\03. UI\06. Unit_Wire\01. Small_Wire</Filter>
    </ClInclude>
    <ClInclude Include="UI_Marine_Wire_Small.h">
      <Filter>01. Obj\03. UI\06. Unit_Wire\01. Small_Wire</Filter>
    </ClInclude>
    <ClInclude Include="UI_Medic_Wire_Small.h">
      <Filter>01. Obj\03. UI\06. Unit_Wire\01. Small_Wire</Filter>
    </ClInclude>
    <ClInclude Include="UI_SCV_Wire_Small.h">
      <Filter>01. Obj\03. UI\06. Unit_Wire\01. Small_Wire</Filter>
    </ClInclude>
    <ClInclude Include="UI_Tank_Wire_Small.h">
      <Filter>01. Obj\03. UI\06. Unit_Wire\01. Small_Wire</Filter>
    </ClInclude>
    <ClInclude Include="UI_Text_Mgr.h">
      <Filter>04. UI</Filter>
    </ClInclude>
  </ItemGroup>
  <ItemGroup>
    <ClCompile Include="stdafx.cpp">
      <Filter>소스 파일</Filter>
    </ClCompile>
    <ClCompile Include="DefaultWindow.cpp">
      <Filter>소스 파일</Filter>
    </ClCompile>
    <ClCompile Include="MainGame.cpp">
      <Filter>00. MainGame</Filter>
    </ClCompile>
    <ClCompile Include="Obj.cpp">
      <Filter>01. Obj</Filter>
    </ClCompile>
    <ClCompile Include="Mouse.cpp">
      <Filter>01. Obj\03. UI\00. Mouse</Filter>
    </ClCompile>
    <ClCompile Include="CollisionMgr.cpp">
      <Filter>02. Design\01. CollisionMgr</Filter>
    </ClCompile>
    <ClCompile Include="ObjMgr.cpp">
      <Filter>02. Design\02. ObjMgr</Filter>
    </ClCompile>
    <ClCompile Include="Line.cpp">
      <Filter>02. Design\03. LineMgr\Line</Filter>
    </ClCompile>
    <ClCompile Include="LineMgr.cpp">
      <Filter>02. Design\03. LineMgr</Filter>
    </ClCompile>
    <ClCompile Include="KeyMgr.cpp">
      <Filter>02. Design\04. KeyMgr</Filter>
    </ClCompile>
    <ClCompile Include="ScrollMgr.cpp">
      <Filter>02. Design\05. ScrollMgr</Filter>
    </ClCompile>
    <ClCompile Include="MyBmp.cpp">
      <Filter>02. Design\06. BmpMgr\MyBmp</Filter>
    </ClCompile>
    <ClCompile Include="BmpMgr.cpp">
      <Filter>02. Design\06. BmpMgr</Filter>
    </ClCompile>
    <ClCompile Include="Scene.cpp">
      <Filter>03. Scene</Filter>
    </ClCompile>
    <ClCompile Include="Logo.cpp">
      <Filter>03. Scene\00. Logo</Filter>
    </ClCompile>
    <ClCompile Include="SceneMgr.cpp">
      <Filter>02. Design\07. SceneMgr</Filter>
    </ClCompile>
    <ClCompile Include="MyMenu.cpp">
      <Filter>03. Scene\01. Menu</Filter>
    </ClCompile>
    <ClCompile Include="Stage.cpp">
      <Filter>03. Scene\03. Stage</Filter>
    </ClCompile>
    <ClCompile Include="Tile.cpp">
      <Filter>02. Design\08. TileMgr\Tile</Filter>
    </ClCompile>
    <ClCompile Include="TileMgr.cpp">
      <Filter>02. Design\08. TileMgr</Filter>
    </ClCompile>
    <ClCompile Include="MyEdit.cpp">
      <Filter>03. Scene\02. Edit</Filter>
    </ClCompile>
    <ClCompile Include="Scv.cpp">
      <Filter>01. Obj\00. Unit\00. SCV</Filter>
    </ClCompile>
    <ClCompile Include="Scv_Idle_State.cpp">
      <Filter>01. Obj\00. Unit\00. SCV</Filter>
    </ClCompile>
    <ClCompile Include="Scv_Walk_State.cpp">
      <Filter>01. Obj\00. Unit\00. SCV</Filter>
    </ClCompile>
    <ClCompile Include="Scv_Attack_State.cpp">
      <Filter>01. Obj\00. Unit\00. SCV</Filter>
    </ClCompile>
    <ClCompile Include="FireBat.cpp">
      <Filter>01. Obj\00. Unit\02. FireBat</Filter>
    </ClCompile>
    <ClCompile Include="Obj_Dynamic.cpp">
      <Filter>01. Obj</Filter>
    </ClCompile>
    <ClCompile Include="Marine.cpp">
      <Filter>01. Obj\00. Unit\01. Marine</Filter>
    </ClCompile>
    <ClCompile Include="Marine_Attack_State.cpp">
      <Filter>01. Obj\00. Unit\01. Marine</Filter>
    </ClCompile>
    <ClCompile Include="Marine_Idle_State.cpp">
      <Filter>01. Obj\00. Unit\01. Marine</Filter>
    </ClCompile>
    <ClCompile Include="Marine_Walk_State.cpp">
      <Filter>01. Obj\00. Unit\01. Marine</Filter>
    </ClCompile>
    <ClCompile Include="Marine_Die_State.cpp">
      <Filter>01. Obj\00. Unit\01. Marine</Filter>
    </ClCompile>
    <ClCompile Include="FireBat_Attack_State.cpp">
      <Filter>01. Obj\00. Unit\02. FireBat</Filter>
    </ClCompile>
    <ClCompile Include="FireBat_Die_State.cpp">
      <Filter>01. Obj\00. Unit\02. FireBat</Filter>
    </ClCompile>
    <ClCompile Include="FireBat_Idle_State.cpp">
      <Filter>01. Obj\00. Unit\02. FireBat</Filter>
    </ClCompile>
    <ClCompile Include="FireBat_Walk_State.cpp">
      <Filter>01. Obj\00. Unit\02. FireBat</Filter>
    </ClCompile>
    <ClCompile Include="Scv_Die_State.cpp">
      <Filter>01. Obj\00. Unit\00. SCV</Filter>
    </ClCompile>
    <ClCompile Include="SpawnMgr.cpp">
      <Filter>02. Design\09. SpawnMgr</Filter>
    </ClCompile>
    <ClCompile Include="Medic.cpp">
      <Filter>01. Obj\00. Unit\03. Medic</Filter>
    </ClCompile>
    <ClCompile Include="Medic_Idle_State.cpp">
      <Filter>01. Obj\00. Unit\03. Medic</Filter>
    </ClCompile>
    <ClCompile Include="Medic_Attack_State.cpp">
      <Filter>01. Obj\00. Unit\03. Medic</Filter>
    </ClCompile>
    <ClCompile Include="Medic_Die_State.cpp">
      <Filter>01. Obj\00. Unit\03. Medic</Filter>
    </ClCompile>
    <ClCompile Include="Medic_Walk_State.cpp">
      <Filter>01. Obj\00. Unit\03. Medic</Filter>
    </ClCompile>
    <ClCompile Include="Tank_Attack_State.cpp">
      <Filter>01. Obj\00. Unit\04. Tank</Filter>
    </ClCompile>
    <ClCompile Include="Tank_Die_State.cpp">
      <Filter>01. Obj\00. Unit\04. Tank</Filter>
    </ClCompile>
    <ClCompile Include="Tank_Idle_State.cpp">
      <Filter>01. Obj\00. Unit\04. Tank</Filter>
    </ClCompile>
    <ClCompile Include="Tank_Walk_State.cpp">
      <Filter>01. Obj\00. Unit\04. Tank</Filter>
    </ClCompile>
    <ClCompile Include="Tank.cpp">
      <Filter>01. Obj\00. Unit\04. Tank</Filter>
    </ClCompile>
    <ClCompile Include="AStarMgr.cpp">
      <Filter>02. Design\10. AStarMgr</Filter>
    </ClCompile>
    <ClCompile Include="Obj_UI.cpp">
      <Filter>01. Obj</Filter>
    </ClCompile>
    <ClCompile Include="UnitControlMgr.cpp">
      <Filter>02. Design\11. UnitControlMgr</Filter>
    </ClCompile>
    <ClCompile Include="State.cpp">
      <Filter>01. Obj\99. State</Filter>
    </ClCompile>
    <ClCompile Include="Command.cpp">
      <Filter>02. Design\12. Command</Filter>
    </ClCompile>
    <ClCompile Include="LClick_Mouse.cpp">
      <Filter>02. Design\12. Command\00. LClick_Mouse</Filter>
    </ClCompile>
    <ClCompile Include="RClick_Mouse.cpp">
      <Filter>02. Design\12. Command\01. RClick_Mouse</Filter>
    </ClCompile>
    <ClCompile Include="Drag_LMouse_Long.cpp">
      <Filter>02. Design\12. Command\02. Drag_LClick_Mouse</Filter>
    </ClCompile>
    <ClCompile Include="IdleState.cpp">
      <Filter>01. Obj\99. State\00. IdleState</Filter>
    </ClCompile>
    <ClCompile Include="WalkState.cpp">
      <Filter>01. Obj\99. State\01. WalkState</Filter>
    </ClCompile>
    <ClCompile Include="AttackState.cpp">
      <Filter>01. Obj\99. State\02. AttackState</Filter>
    </ClCompile>
    <ClCompile Include="DieState.cpp">
      <Filter>01. Obj\99. State\03. DieState</Filter>
    </ClCompile>
    <ClCompile Include="Obj_Static.cpp">
      <Filter>01. Obj</Filter>
    </ClCompile>
    <ClCompile Include="Mineral.cpp">
      <Filter>01. Obj\02. Mineral</Filter>
    </ClCompile>
    <ClCompile Include="Center.cpp">
      <Filter>01. Obj\01. Buliding\00. Center</Filter>
    </ClCompile>
    <ClCompile Include="Barrack.cpp">
      <Filter>01. Obj\01. Buliding\02. Barrack</Filter>
    </ClCompile>
    <ClCompile Include="Factory.cpp">
      <Filter>01. Obj\01. Buliding\03. Factory</Filter>
    </ClCompile>
    <ClCompile Include="Starport.cpp">
      <Filter>01. Obj\01. Buliding\04. Starport</Filter>
    </ClCompile>
    <ClCompile Include="SupplyDepot.cpp">
      <Filter>01. Obj\01. Buliding\01. SupplyDepot</Filter>
    </ClCompile>
    <ClCompile Include="TechTreeMgr.cpp">
      <Filter>02. Design\13. TechTreeMgr</Filter>
    </ClCompile>
    <ClCompile Include="UIMgr.cpp">
      <Filter>04. UI\UIMgr</Filter>
    </ClCompile>
    <ClCompile Include="UI_Move.cpp">
      <Filter>01. Obj\03. UI\01. Unit_Icon\00. Move_Icon</Filter>
    </ClCompile>
    <ClCompile Include="UI_Attack.cpp">
      <Filter>01. Obj\03. UI\01. Unit_Icon\02. Attack_Icon</Filter>
    </ClCompile>
    <ClCompile Include="UI_Build.cpp">
      <Filter>01. Obj\03. UI\01. Unit_Icon\03. Build_Icon</Filter>
    </ClCompile>
    <ClCompile Include="UI_Advanced_Build.cpp">
      <Filter>01. Obj\03. UI\01. Unit_Icon\04. Advanced_Build_Icon</Filter>
    </ClCompile>
    <ClCompile Include="UI_Stop_Icon.cpp">
      <Filter>01. Obj\03. UI\01. Unit_Icon\01. Stop_Icon</Filter>
    </ClCompile>
    <ClCompile Include="UI_Barrack.cpp">
      <Filter>01. Obj\03. UI\02. Build_Icon\01. Barrack_Icon</Filter>
    </ClCompile>
    <ClCompile Include="UI_Center.cpp">
      <Filter>01. Obj\03. UI\02. Build_Icon\00. Center_Icon</Filter>
    </ClCompile>
    <ClCompile Include="UI_Depot.cpp">
      <Filter>01. Obj\03. UI\02. Build_Icon\02. Depot_Icon</Filter>
    </ClCompile>
    <ClCompile Include="UI_Factory.cpp">
      <Filter>01. Obj\03. UI\02. Build_Icon\03 Factory_Icon</Filter>
    </ClCompile>
    <ClCompile Include="UI_StarPort.cpp">
      <Filter>01. Obj\03. UI\02. Build_Icon\04. StarPort_Icon</Filter>
    </ClCompile>
    <ClCompile Include="BackGround.cpp">
      <Filter>01. Obj\03. UI\03. BackGround</Filter>
    </ClCompile>
    <ClCompile Include="BuildState.cpp">
      <Filter>01. Obj\99. State\04. BuildState</Filter>
    </ClCompile>
    <ClCompile Include="Scv_Build_State.cpp">
      <Filter>01. Obj\00. Unit\00. SCV</Filter>
    </ClCompile>
    <ClCompile Include="Barrack_UI.cpp">
      <Filter>01. Obj\03. UI\04. BuildingUI\02. Barrack_UI</Filter>
    </ClCompile>
    <ClCompile Include="Center_UI.cpp">
      <Filter>01. Obj\03. UI\04. BuildingUI\00. Center_UI</Filter>
    </ClCompile>
    <ClCompile Include="Depot_UI.cpp">
      <Filter>01. Obj\03. UI\04. BuildingUI\01. Depot_UI</Filter>
    </ClCompile>
    <ClCompile Include="Factory_UI.cpp">
      <Filter>01. Obj\03. UI\04. BuildingUI\03. Factory_UI</Filter>
    </ClCompile>
    <ClCompile Include="StarPort_UI.cpp">
      <Filter>01. Obj\03. UI\04. BuildingUI\04. StarPort_UI</Filter>
    </ClCompile>
    <ClCompile Include="UI_FireBat_Icon.cpp">
      <Filter>01. Obj\03. UI\05. Spawn_Icon\02. FireBat_Icon</Filter>
    </ClCompile>
    <ClCompile Include="UI_Marine_Icon.cpp">
      <Filter>01. Obj\03. UI\05. Spawn_Icon\01. Marine_Icon</Filter>
    </ClCompile>
    <ClCompile Include="UI_Medic_Icon.cpp">
      <Filter>01. Obj\03. UI\05. Spawn_Icon\03. Medic_Icon</Filter>
    </ClCompile>
    <ClCompile Include="UI_SCV_Icon.cpp">
      <Filter>01. Obj\03. UI\05. Spawn_Icon\00. SCV_Icon</Filter>
    </ClCompile>
    <ClCompile Include="UI_Tank_Icon.cpp">
      <Filter>01. Obj\03. UI\05. Spawn_Icon\04. Tank_Icon</Filter>
    </ClCompile>
    <ClCompile Include="SoundMgr.cpp">
      <Filter>02. Design\14. SoundMgr</Filter>
    </ClCompile>
    <ClCompile Include="Tank_Siege_Mode.cpp">
      <Filter>01. Obj\00. Unit\04. Tank</Filter>
    </ClCompile>
    <ClCompile Include="UI_IconMgr.cpp">
      <Filter>04. UI</Filter>
    </ClCompile>
    <ClCompile Include="UI_WireMgr.cpp">
      <Filter>04. UI</Filter>
    </ClCompile>
    <ClCompile Include="UI_FireBat_Wire_Big.cpp">
      <Filter>01. Obj\03. UI\06. Unit_Wire\00. Big_Wire</Filter>
    </ClCompile>
    <ClCompile Include="UI_Marine_Wire_Big.cpp">
      <Filter>01. Obj\03. UI\06. Unit_Wire\00. Big_Wire</Filter>
    </ClCompile>
    <ClCompile Include="UI_Medic_Wire_Big.cpp">
      <Filter>01. Obj\03. UI\06. Unit_Wire\00. Big_Wire</Filter>
    </ClCompile>
    <ClCompile Include="UI_SCV_Wire_Big.cpp">
      <Filter>01. Obj\03. UI\06. Unit_Wire\00. Big_Wire</Filter>
    </ClCompile>
    <ClCompile Include="UI_Tank_Wire_Big.cpp">
      <Filter>01. Obj\03. UI\06. Unit_Wire\00. Big_Wire</Filter>
    </ClCompile>
    <ClCompile Include="UI_FireBat_Wire_Small.cpp">
      <Filter>01. Obj\03. UI\06. Unit_Wire\01. Small_Wire</Filter>
    </ClCompile>
    <ClCompile Include="UI_Marine_Wire_Small.cpp">
      <Filter>01. Obj\03. UI\06. Unit_Wire\01. Small_Wire</Filter>
    </ClCompile>
    <ClCompile Include="UI_Medic_Wire_Small.cpp">
      <Filter>01. Obj\03. UI\06. Unit_Wire\01. Small_Wire</Filter>
    </ClCompile>
    <ClCompile Include="UI_SCV_Wire_Small.cpp">
      <Filter>01. Obj\03. UI\06. Unit_Wire\01. Small_Wire</Filter>
    </ClCompile>
    <ClCompile Include="UI_Tank_Wire_Small.cpp">
      <Filter>01. Obj\03. UI\06. Unit_Wire\01. Small_Wire</Filter>
    </ClCompile>
    <ClCompile Include="UI_Text_Mgr.cpp">
      <Filter>04. UI</Filter>
    </ClCompile>
  </ItemGroup>
  <ItemGroup>
    <ResourceCompile Include="DefaultWindow.rc">
      <Filter>리소스 파일</Filter>
    </ResourceCompile>
  </ItemGroup>
  <ItemGroup>
    <Image Include="small.ico">
      <Filter>리소스 파일</Filter>
    </Image>
    <Image Include="DefaultWindow.ico">
      <Filter>리소스 파일</Filter>
    </Image>
  </ItemGroup>
</Project>